{
  "lockfile_version": "1",
  "packages": {
    "github:NixOS/nixpkgs/nixpkgs-unstable": {
      "resolved": "github:NixOS/nixpkgs/12a55407652e04dcf2309436eb06fef0d3713ef3?lastModified=1747426788&narHash=sha256-N4cp0asTsJCnRMFZ%2Fk19V9akkxb7J%2FopG%2BK%2BjU57JGc%3D"
    },
    "github:gren-lang/nix/0.5.4": {
      "resolved": "github:gren-lang/nix/35601dd5c34adce2bbc6740ccc19a55078eb27be?lastModified=1742812541&narHash=sha256-iJcZAefSQM67bMRlJPEXT0%2FkVUoEmcr9NYTUPLoAO%2FE%3D"
    },
    "nodejs@22": {
      "last_modified": "2025-05-12T14:38:58Z",
      "plugin_version": "0.0.2",
      "resolved": "github:NixOS/nixpkgs/eaeed9530c76ce5f1d2d8232e08bec5e26f18ec1#nodejs_22",
      "source": "devbox-search",
      "version": "22.14.0",
      "systems": {
        "aarch64-darwin": {
          "outputs": [
            {
              "name": "out",
              "path": "/nix/store/j2rsxk1lxlapi903kxkvnsdlb0pfbnl1-nodejs-22.14.0",
              "default": true
            },
            {
              "name": "libv8",
              "path": "/nix/store/dcjrxq66pzqjvabbkz596sfbwlzgy1gm-nodejs-22.14.0-libv8"
            },
            {
              "name": "dev",
              "path": "/nix/store/9xaa4qy83dpy95d1ffibkfzzgyyrp7hk-nodejs-22.14.0-dev"
            }
          ],
          "store_path": "/nix/store/j2rsxk1lxlapi903kxkvnsdlb0pfbnl1-nodejs-22.14.0"
        },
        "aarch64-linux": {
          "outputs": [
            {
              "name": "out",
              "path": "/nix/store/8v7hqm22mk2w725sqwqcnym5jznqmn64-nodejs-22.14.0",
              "default": true
            },
            {
              "name": "dev",
              "path": "/nix/store/9hv74w50r20z1f1flnpza0aicz5agg8i-nodejs-22.14.0-dev"
            },
            {
              "name": "libv8",
              "path": "/nix/store/ww17b0kj7zawsa17l2kw5yi6019lddfy-nodejs-22.14.0-libv8"
            }
          ],
          "store_path": "/nix/store/8v7hqm22mk2w725sqwqcnym5jznqmn64-nodejs-22.14.0"
        },
        "x86_64-darwin": {
          "outputs": [
            {
              "name": "out",
              "path": "/nix/store/sn8xmika3xqfpzzznbcv061gym6njija-nodejs-22.14.0",
              "default": true
            },
            {
              "name": "dev",
              "path": "/nix/store/6wb73ifswly0ajfp3zv125bqnvzb4k37-nodejs-22.14.0-dev"
            },
            {
              "name": "libv8",
              "path": "/nix/store/v4nnkjh9jdz0wsq7l3f4mdfh2skjvwal-nodejs-22.14.0-libv8"
            }
          ],
          "store_path": "/nix/store/sn8xmika3xqfpzzznbcv061gym6njija-nodejs-22.14.0"
        },
        "x86_64-linux": {
          "outputs": [
            {
              "name": "out",
              "path": "/nix/store/50lhzpd68v47x6jy0b8b3p91n2zv3lv4-nodejs-22.14.0",
              "default": true
            },
            {
              "name": "dev",
              "path": "/nix/store/sbqvdlpp1zp6fdr3cb0mqyprjbcf2ihn-nodejs-22.14.0-dev"
            },
            {
              "name": "libv8",
              "path": "/nix/store/ianbd6y7fbm32073q239zdxlcmjwvm57-nodejs-22.14.0-libv8"
            }
          ],
          "store_path": "/nix/store/50lhzpd68v47x6jy0b8b3p91n2zv3lv4-nodejs-22.14.0"
        }
      }
    }
  }
}
